{
  "name": "dskhys",
  "lockfileVersion": 3,
  "requires": true,
  "packages": {
    "": {
      "name": "dskhys",
      "workspaces": [
        "apps/server/api",
        "apps/client/memo",
        "libs/util"
      ]
    },
    "apps/client/memo": {
      "name": "@dskhys/memo",
      "version": "0.0.1",
      "license": "ISC",
      "devDependencies": {}
    },
    "apps/server/api": {
      "name": "@dskhys/api",
      "version": "0.0.1",
      "license": "ISC"
    },
    "libs/util": {
      "name": "@dskhys/util",
      "version": "0.0.1",
      "license": "ISC",
      "devDependencies": {}
    },
    "node_modules/@dskhys/api": {
      "resolved": "apps/server/api",
      "link": true
    },
    "node_modules/@dskhys/memo": {
      "resolved": "apps/client/memo",
      "link": true
    },
    "node_modules/@dskhys/util": {
      "resolved": "libs/util",
      "link": true
    }
  }
}
